// !$*UTF8*$!
{
	archiveVersion = 1;
	classes = {
	};
	objectVersion = 50;
	objects = {

/* Begin PBXBuildFile section */
		02AC2B997B127C98E676677B /* Pods_RNDemoApp.framework in Frameworks */ = {isa = PBXBuildFile; fileRef = 98C5CFF8466E201D7403F094 /* Pods_RNDemoApp.framework */; };
		B3DA79BA246A557000375EA4 /* AppDelegate.swift in Sources */ = {isa = PBXBuildFile; fileRef = B3DA79B9246A557000375EA4 /* AppDelegate.swift */; };
		B3DA79BC246A557000375EA4 /* SceneDelegate.swift in Sources */ = {isa = PBXBuildFile; fileRef = B3DA79BB246A557000375EA4 /* SceneDelegate.swift */; };
		B3DA79BE246A557000375EA4 /* ViewController.swift in Sources */ = {isa = PBXBuildFile; fileRef = B3DA79BD246A557000375EA4 /* ViewController.swift */; };
		B3DA79C1246A557000375EA4 /* Main.storyboard in Resources */ = {isa = PBXBuildFile; fileRef = B3DA79BF246A557000375EA4 /* Main.storyboard */; };
		B3DA79C3246A557100375EA4 /* Assets.xcassets in Resources */ = {isa = PBXBuildFile; fileRef = B3DA79C2246A557100375EA4 /* Assets.xcassets */; };
		B3DA79C6246A557100375EA4 /* LaunchScreen.storyboard in Resources */ = {isa = PBXBuildFile; fileRef = B3DA79C4246A557100375EA4 /* LaunchScreen.storyboard */; };
		B3DA7E57246CFE0D00375EA4 /* DropthoughtSDK.framework in Frameworks */ = {isa = PBXBuildFile; fileRef = B3DA7E56246CFE0D00375EA4 /* DropthoughtSDK.framework */; };
		B3DA7E58246CFE1300375EA4 /* DropthoughtSDK.framework in Embed Frameworks */ = {isa = PBXBuildFile; fileRef = B3DA7E56246CFE0D00375EA4 /* DropthoughtSDK.framework */; settings = {ATTRIBUTES = (CodeSignOnCopy, RemoveHeadersOnCopy, ); }; };
/* End PBXBuildFile section */

/* Begin PBXCopyFilesBuildPhase section */
		B3DA7A0D246A93B800375EA4 /* Embed Frameworks */ = {
			isa = PBXCopyFilesBuildPhase;
			buildActionMask = 2147483647;
			dstPath = "";
			dstSubfolderSpec = 10;
			files = (
				B3DA7E58246CFE1300375EA4 /* DropthoughtSDK.framework in Embed Frameworks */,
			);
			name = "Embed Frameworks";
			runOnlyForDeploymentPostprocessing = 0;
		};
/* End PBXCopyFilesBuildPhase section */

/* Begin PBXFileReference section */
		1BC0E63215138BE7813232E7 /* Pods-RNDemoApp.debug.xcconfig */ = {isa = PBXFileReference; includeInIndex = 1; lastKnownFileType = text.xcconfig; name = "Pods-RNDemoApp.debug.xcconfig"; path = "Target Support Files/Pods-RNDemoApp/Pods-RNDemoApp.debug.xcconfig"; sourceTree = "<group>"; };
		25CBDD8CA2B1D154ED5B64EA /* Pods-RNDemoApp.release.xcconfig */ = {isa = PBXFileReference; includeInIndex = 1; lastKnownFileType = text.xcconfig; name = "Pods-RNDemoApp.release.xcconfig"; path = "Target Support Files/Pods-RNDemoApp/Pods-RNDemoApp.release.xcconfig"; sourceTree = "<group>"; };
		98C5CFF8466E201D7403F094 /* Pods_RNDemoApp.framework */ = {isa = PBXFileReference; explicitFileType = wrapper.framework; includeInIndex = 0; path = Pods_RNDemoApp.framework; sourceTree = BUILT_PRODUCTS_DIR; };
		B3DA79B6246A557000375EA4 /* RNDemoApp.app */ = {isa = PBXFileReference; explicitFileType = wrapper.application; includeInIndex = 0; path = RNDemoApp.app; sourceTree = BUILT_PRODUCTS_DIR; };
		B3DA79B9246A557000375EA4 /* AppDelegate.swift */ = {isa = PBXFileReference; lastKnownFileType = sourcecode.swift; path = AppDelegate.swift; sourceTree = "<group>"; };
		B3DA79BB246A557000375EA4 /* SceneDelegate.swift */ = {isa = PBXFileReference; lastKnownFileType = sourcecode.swift; path = SceneDelegate.swift; sourceTree = "<group>"; };
		B3DA79BD246A557000375EA4 /* ViewController.swift */ = {isa = PBXFileReference; lastKnownFileType = sourcecode.swift; path = ViewController.swift; sourceTree = "<group>"; };
		B3DA79C0246A557000375EA4 /* Base */ = {isa = PBXFileReference; lastKnownFileType = file.storyboard; name = Base; path = Base.lproj/Main.storyboard; sourceTree = "<group>"; };
		B3DA79C2246A557100375EA4 /* Assets.xcassets */ = {isa = PBXFileReference; lastKnownFileType = folder.assetcatalog; path = Assets.xcassets; sourceTree = "<group>"; };
		B3DA79C5246A557100375EA4 /* Base */ = {isa = PBXFileReference; lastKnownFileType = file.storyboard; name = Base; path = Base.lproj/LaunchScreen.storyboard; sourceTree = "<group>"; };
		B3DA79C7246A557100375EA4 /* Info.plist */ = {isa = PBXFileReference; lastKnownFileType = text.plist.xml; path = Info.plist; sourceTree = "<group>"; };
		B3DA7E56246CFE0D00375EA4 /* DropthoughtSDK.framework */ = {isa = PBXFileReference; lastKnownFileType = wrapper.framework; path = DropthoughtSDK.framework; sourceTree = SOURCE_ROOT; };
/* End PBXFileReference section */

/* Begin PBXFrameworksBuildPhase section */
		B3DA79B3246A557000375EA4 /* Frameworks */ = {
			isa = PBXFrameworksBuildPhase;
			buildActionMask = 2147483647;
			files = (
				B3DA7E57246CFE0D00375EA4 /* DropthoughtSDK.framework in Frameworks */,
				02AC2B997B127C98E676677B /* Pods_RNDemoApp.framework in Frameworks */,
			);
			runOnlyForDeploymentPostprocessing = 0;
		};
/* End PBXFrameworksBuildPhase section */

/* Begin PBXGroup section */
		821F849526001778C991C8DB /* Frameworks */ = {
			isa = PBXGroup;
			children = (
				98C5CFF8466E201D7403F094 /* Pods_RNDemoApp.framework */,
			);
			name = Frameworks;
			sourceTree = "<group>";
		};
		95482C204519E4BED6EA5C58 /* Pods */ = {
			isa = PBXGroup;
			children = (
				1BC0E63215138BE7813232E7 /* Pods-RNDemoApp.debug.xcconfig */,
				25CBDD8CA2B1D154ED5B64EA /* Pods-RNDemoApp.release.xcconfig */,
			);
			name = Pods;
			path = Pods;
			sourceTree = "<group>";
		};
		B3DA79AD246A557000375EA4 = {
			isa = PBXGroup;
			children = (
				B3DA79B8246A557000375EA4 /* RNDemoApp */,
				B3DA79B7246A557000375EA4 /* Products */,
				821F849526001778C991C8DB /* Frameworks */,
				95482C204519E4BED6EA5C58 /* Pods */,
			);
			sourceTree = "<group>";
		};
		B3DA79B7246A557000375EA4 /* Products */ = {
			isa = PBXGroup;
			children = (
				B3DA79B6246A557000375EA4 /* RNDemoApp.app */,
			);
			name = Products;
			sourceTree = "<group>";
		};
		B3DA79B8246A557000375EA4 /* RNDemoApp */ = {
			isa = PBXGroup;
			children = (
				B3DA7E56246CFE0D00375EA4 /* DropthoughtSDK.framework */,
				B3DA79B9246A557000375EA4 /* AppDelegate.swift */,
				B3DA79BB246A557000375EA4 /* SceneDelegate.swift */,
				B3DA79BD246A557000375EA4 /* ViewController.swift */,
				B3DA79BF246A557000375EA4 /* Main.storyboard */,
				B3DA79C2246A557100375EA4 /* Assets.xcassets */,
				B3DA79C4246A557100375EA4 /* LaunchScreen.storyboard */,
				B3DA79C7246A557100375EA4 /* Info.plist */,
			);
			path = RNDemoApp;
			sourceTree = "<group>";
		};
/* End PBXGroup section */

/* Begin PBXNativeTarget section */
		B3DA79B5246A557000375EA4 /* RNDemoApp */ = {
			isa = PBXNativeTarget;
			buildConfigurationList = B3DA79CA246A557100375EA4 /* Build configuration list for PBXNativeTarget "RNDemoApp" */;
			buildPhases = (
				4486DBE1EEC8655F479ED719 /* [CP] Check Pods Manifest.lock */,
				B3DA79B2246A557000375EA4 /* Sources */,
				B3DA79B3246A557000375EA4 /* Frameworks */,
				B3DA79B4246A557000375EA4 /* Resources */,
				B3DA7A0D246A93B800375EA4 /* Embed Frameworks */,
				6F514580912FDAD2D2A68F37 /* [CP] Embed Pods Frameworks */,
			);
			buildRules = (
			);
			dependencies = (
			);
			name = RNDemoApp;
			productName = RNDemoApp;
			productReference = B3DA79B6246A557000375EA4 /* RNDemoApp.app */;
			productType = "com.apple.product-type.application";
		};
/* End PBXNativeTarget section */

/* Begin PBXProject section */
		B3DA79AE246A557000375EA4 /* Project object */ = {
			isa = PBXProject;
			attributes = {
				LastSwiftUpdateCheck = 1140;
				LastUpgradeCheck = 1140;
				ORGANIZATIONNAME = bct.tpe;
				TargetAttributes = {
					B3DA79B5246A557000375EA4 = {
						CreatedOnToolsVersion = 11.4.1;
					};
				};
			};
			buildConfigurationList = B3DA79B1246A557000375EA4 /* Build configuration list for PBXProject "RNDemoApp" */;
			compatibilityVersion = "Xcode 9.3";
			developmentRegion = en;
			hasScannedForEncodings = 0;
			knownRegions = (
				en,
				Base,
			);
			mainGroup = B3DA79AD246A557000375EA4;
			productRefGroup = B3DA79B7246A557000375EA4 /* Products */;
			projectDirPath = "";
			projectRoot = "";
			targets = (
				B3DA79B5246A557000375EA4 /* RNDemoApp */,
			);
		};
/* End PBXProject section */

/* Begin PBXResourcesBuildPhase section */
		B3DA79B4246A557000375EA4 /* Resources */ = {
			isa = PBXResourcesBuildPhase;
			buildActionMask = 2147483647;
			files = (
				B3DA79C6246A557100375EA4 /* LaunchScreen.storyboard in Resources */,
				B3DA79C3246A557100375EA4 /* Assets.xcassets in Resources */,
				B3DA79C1246A557000375EA4 /* Main.storyboard in Resources */,
			);
			runOnlyForDeploymentPostprocessing = 0;
		};
/* End PBXResourcesBuildPhase section */

/* Begin PBXShellScriptBuildPhase section */
		4486DBE1EEC8655F479ED719 /* [CP] Check Pods Manifest.lock */ = {
			isa = PBXShellScriptBuildPhase;
			buildActionMask = 2147483647;
			files = (
			);
			inputFileListPaths = (
			);
			inputPaths = (
				"${PODS_PODFILE_DIR_PATH}/Podfile.lock",
				"${PODS_ROOT}/Manifest.lock",
			);
			name = "[CP] Check Pods Manifest.lock";
			outputFileListPaths = (
			);
			outputPaths = (
				"$(DERIVED_FILE_DIR)/Pods-RNDemoApp-checkManifestLockResult.txt",
			);
			runOnlyForDeploymentPostprocessing = 0;
			shellPath = /bin/sh;
			shellScript = "diff \"${PODS_PODFILE_DIR_PATH}/Podfile.lock\" \"${PODS_ROOT}/Manifest.lock\" > /dev/null\nif [ $? != 0 ] ; then\n    # print error to STDERR\n    echo \"error: The sandbox is not in sync with the Podfile.lock. Run 'pod install' or update your CocoaPods installation.\" >&2\n    exit 1\nfi\n# This output is used by Xcode 'outputs' to avoid re-running this script phase.\necho \"SUCCESS\" > \"${SCRIPT_OUTPUT_FILE_0}\"\n";
			showEnvVarsInLog = 0;
		};
		6F514580912FDAD2D2A68F37 /* [CP] Embed Pods Frameworks */ = {
			isa = PBXShellScriptBuildPhase;
			buildActionMask = 2147483647;
			files = (
			);
			inputFileListPaths = (
				"${PODS_ROOT}/Target Support Files/Pods-RNDemoApp/Pods-RNDemoApp-frameworks-${CONFIGURATION}-input-files.xcfilelist",
			);
			name = "[CP] Embed Pods Frameworks";
			outputFileListPaths = (
				"${PODS_ROOT}/Target Support Files/Pods-RNDemoApp/Pods-RNDemoApp-frameworks-${CONFIGURATION}-output-files.xcfilelist",
			);
			runOnlyForDeploymentPostprocessing = 0;
			shellPath = /bin/sh;
			shellScript = "\"${PODS_ROOT}/Target Support Files/Pods-RNDemoApp/Pods-RNDemoApp-frameworks.sh\"\n";
			showEnvVarsInLog = 0;
		};
/* End PBXShellScriptBuildPhase section */

/* Begin PBXSourcesBuildPhase section */
		B3DA79B2246A557000375EA4 /* Sources */ = {
			isa = PBXSourcesBuildPhase;
			buildActionMask = 2147483647;
			files = (
				B3DA79BE246A557000375EA4 /* ViewController.swift in Sources */,
				B3DA79BA246A557000375EA4 /* AppDelegate.swift in Sources */,
				B3DA79BC246A557000375EA4 /* SceneDelegate.swift in Sources */,
			);
			runOnlyForDeploymentPostprocessing = 0;
		};
/* End PBXSourcesBuildPhase section */

/* Begin PBXVariantGroup section */
		B3DA79BF246A557000375EA4 /* Main.storyboard */ = {
			isa = PBXVariantGroup;
			children = (
				B3DA79C0246A557000375EA4 /* Base */,
			);
			name = Main.storyboard;
			sourceTree = "<group>";
		};
		B3DA79C4246A557100375EA4 /* LaunchScreen.storyboard */ = {
			isa = PBXVariantGroup;
			children = (
				B3DA79C5246A557100375EA4 /* Base */,
			);
			name = LaunchScreen.storyboard;
			sourceTree = "<group>";
		};
/* End PBXVariantGroup section */

/* Begin XCBuildConfiguration section */
		B3DA79C8246A557100375EA4 /* Debug */ = {
			isa = XCBuildConfiguration;
			buildSettings = {
				ALWAYS_SEARCH_USER_PATHS = NO;
				CLANG_ANALYZER_NONNULL = YES;
				CLANG_ANALYZER_NUMBER_OBJECT_CONVERSION = YES_AGGRESSIVE;
				CLANG_CXX_LANGUAGE_STANDARD = "gnu++14";
				CLANG_CXX_LIBRARY = "libc++";
				CLANG_ENABLE_MODULES = YES;
				CLANG_ENABLE_OBJC_ARC = YES;
				CLANG_ENABLE_OBJC_WEAK = YES;
				CLANG_WARN_BLOCK_CAPTURE_AUTORELEASING = YES;
				CLANG_WARN_BOOL_CONVERSION = YES;
				CLANG_WARN_COMMA = YES;
				CLANG_WARN_CONSTANT_CONVERSION = YES;
				CLANG_WARN_DEPRECATED_OBJC_IMPLEMENTATIONS = YES;
				CLANG_WARN_DIRECT_OBJC_ISA_USAGE = YES_ERROR;
				CLANG_WARN_DOCUMENTATION_COMMENTS = YES;
				CLANG_WARN_EMPTY_BODY = YES;
				CLANG_WARN_ENUM_CONVERSION = YES;
				CLANG_WARN_INFINITE_RECURSION = YES;
				CLANG_WARN_INT_CONVERSION = YES;
				CLANG_WARN_NON_LITERAL_NULL_CONVERSION = YES;
				CLANG_WARN_OBJC_IMPLICIT_RETAIN_SELF = YES;
				CLANG_WARN_OBJC_LITERAL_CONVERSION = YES;
				CLANG_WARN_OBJC_ROOT_CLASS = YES_ERROR;
				CLANG_WARN_RANGE_LOOP_ANALYSIS = YES;
				CLANG_WARN_STRICT_PROTOTYPES = YES;
				CLANG_WARN_SUSPICIOUS_MOVE = YES;
				CLANG_WARN_UNGUARDED_AVAILABILITY = YES_AGGRESSIVE;
				CLANG_WARN_UNREACHABLE_CODE = YES;
				CLANG_WARN__DUPLICATE_METHOD_MATCH = YES;
				COPY_PHASE_STRIP = NO;
				DEBUG_INFORMATION_FORMAT = dwarf;
				ENABLE_STRICT_OBJC_MSGSEND = YES;
				ENABLE_TESTABILITY = YES;
				GCC_C_LANGUAGE_STANDARD = gnu11;
				GCC_DYNAMIC_NO_PIC = NO;
				GCC_NO_COMMON_BLOCKS = YES;
				GCC_OPTIMIZATION_LEVEL = 0;
				GCC_PREPROCESSOR_DEFINITIONS = (
					"DEBUG=1",
					"$(inherited)",
				);
				GCC_WARN_64_TO_32_BIT_CONVERSION = YES;
				GCC_WARN_ABOUT_RETURN_TYPE = YES_ERROR;
				GCC_WARN_UNDECLARED_SELECTOR = YES;
				GCC_WARN_UNINITIALIZED_AUTOS = YES_AGGRESSIVE;
				GCC_WARN_UNUSED_FUNCTION = YES;
				GCC_WARN_UNUSED_VARIABLE = YES;
				IPHONEOS_DEPLOYMENT_TARGET = 13.4;
				MTL_ENABLE_DEBUG_INFO = INCLUDE_SOURCE;
				MTL_FAST_MATH = YES;
				ONLY_ACTIVE_ARCH = YES;
				SDKROOT = iphoneos;
				SWIFT_ACTIVE_COMPILATION_CONDITIONS = DEBUG;
				SWIFT_OPTIMIZATION_LEVEL = "-Onone";
			};
			name = Debug;
		};
		B3DA79C9246A557100375EA4 /* Release */ = {
			isa = XCBuildConfiguration;
			buildSettings = {
				ALWAYS_SEARCH_USER_PATHS = NO;
				CLANG_ANALYZER_NONNULL = YES;
				CLANG_ANALYZER_NUMBER_OBJECT_CONVERSION = YES_AGGRESSIVE;
				CLANG_CXX_LANGUAGE_STANDARD = "gnu++14";
				CLANG_CXX_LIBRARY = "libc++";
				CLANG_ENABLE_MODULES = YES;
				CLANG_ENABLE_OBJC_ARC = YES;
				CLANG_ENABLE_OBJC_WEAK = YES;
				CLANG_WARN_BLOCK_CAPTURE_AUTORELEASING = YES;
				CLANG_WARN_BOOL_CONVERSION = YES;
				CLANG_WARN_COMMA = YES;
				CLANG_WARN_CONSTANT_CONVERSION = YES;
				CLANG_WARN_DEPRECATED_OBJC_IMPLEMENTATIONS = YES;
				CLANG_WARN_DIRECT_OBJC_ISA_USAGE = YES_ERROR;
				CLANG_WARN_DOCUMENTATION_COMMENTS = YES;
				CLANG_WARN_EMPTY_BODY = YES;
				CLANG_WARN_ENUM_CONVERSION = YES;
				CLANG_WARN_INFINITE_RECURSION = YES;
				CLANG_WARN_INT_CONVERSION = YES;
				CLANG_WARN_NON_LITERAL_NULL_CONVERSION = YES;
				CLANG_WARN_OBJC_IMPLICIT_RETAIN_SELF = YES;
				CLANG_WARN_OBJC_LITERAL_CONVERSION = YES;
				CLANG_WARN_OBJC_ROOT_CLASS = YES_ERROR;
				CLANG_WARN_RANGE_LOOP_ANALYSIS = YES;
				CLANG_WARN_STRICT_PROTOTYPES = YES;
				CLANG_WARN_SUSPICIOUS_MOVE = YES;
				CLANG_WARN_UNGUARDED_AVAILABILITY = YES_AGGRESSIVE;
				CLANG_WARN_UNREACHABLE_CODE = YES;
				CLANG_WARN__DUPLICATE_METHOD_MATCH = YES;
				COPY_PHASE_STRIP = NO;
				DEBUG_INFORMATION_FORMAT = "dwarf-with-dsym";
				ENABLE_NS_ASSERTIONS = NO;
				ENABLE_STRICT_OBJC_MSGSEND = YES;
				GCC_C_LANGUAGE_STANDARD = gnu11;
				GCC_NO_COMMON_BLOCKS = YES;
				GCC_WARN_64_TO_32_BIT_CONVERSION = YES;
				GCC_WARN_ABOUT_RETURN_TYPE = YES_ERROR;
				GCC_WARN_UNDECLARED_SELECTOR = YES;
				GCC_WARN_UNINITIALIZED_AUTOS = YES_AGGRESSIVE;
				GCC_WARN_UNUSED_FUNCTION = YES;
				GCC_WARN_UNUSED_VARIABLE = YES;
				IPHONEOS_DEPLOYMENT_TARGET = 13.4;
				MTL_ENABLE_DEBUG_INFO = NO;
				MTL_FAST_MATH = YES;
				SDKROOT = iphoneos;
				SWIFT_COMPILATION_MODE = wholemodule;
				SWIFT_OPTIMIZATION_LEVEL = "-O";
				VALIDATE_PRODUCT = YES;
			};
			name = Release;
		};
		B3DA79CB246A557100375EA4 /* Debug */ = {
			isa = XCBuildConfiguration;
			baseConfigurationReference = 1BC0E63215138BE7813232E7 /* Pods-RNDemoApp.debug.xcconfig */;
			buildSettings = {
				ASSETCATALOG_COMPILER_APPICON_NAME = AppIcon;
				CODE_SIGN_STYLE = Automatic;
				DEVELOPMENT_TEAM = KFP6944LXB;
				FRAMEWORK_SEARCH_PATHS = (
					"$(inherited)",
					"$(PROJECT_DIR)/RNDemoApp",
					"$(PROJECT_DIR)",
				);
				INFOPLIST_FILE = RNDemoApp/Info.plist;
				IPHONEOS_DEPLOYMENT_TARGET = 13.0;
				LD_RUNPATH_SEARCH_PATHS = (
					"$(inherited)",
					"@executable_path/Frameworks",
				);
				PRODUCT_BUNDLE_IDENTIFIER = com.bct.tpe.RNDemoApp;
				PRODUCT_NAME = "$(TARGET_NAME)";
				SWIFT_VERSION = 5.0;
				TARGETED_DEVICE_FAMILY = "1,2";
			};
			name = Debug;
		};
		B3DA79CC246A557100375EA4 /* Release */ = {
			isa = XCBuildConfiguration;
			baseConfigurationReference = 25CBDD8CA2B1D154ED5B64EA /* Pods-RNDemoApp.release.xcconfig */;
			buildSettings = {
				ASSETCATALOG_COMPILER_APPICON_NAME = AppIcon;
				CODE_SIGN_STYLE = Automatic;
				DEVELOPMENT_TEAM = KFP6944LXB;
				FRAMEWORK_SEARCH_PATHS = (
					"$(inherited)",
					"$(PROJECT_DIR)/RNDemoApp",
					"$(PROJECT_DIR)",
				);
				INFOPLIST_FILE = RNDemoApp/Info.plist;
				IPHONEOS_DEPLOYMENT_TARGET = 13.0;
				LD_RUNPATH_SEARCH_PATHS = (
					"$(inherited)",
					"@executable_path/Frameworks",
				);
				PRODUCT_BUNDLE_IDENTIFIER = com.bct.tpe.RNDemoApp;
				PRODUCT_NAME = "$(TARGET_NAME)";
				SWIFT_VERSION = 5.0;
				TARGETED_DEVICE_FAMILY = "1,2";
			};
			name = Release;
		};
/* End XCBuildConfiguration section */

/* Begin XCConfigurationList section */
		B3DA79B1246A557000375EA4 /* Build configuration list for PBXProject "RNDemoApp" */ = {
			isa = XCConfigurationList;
			buildConfigurations = (
				B3DA79C8246A557100375EA4 /* Debug */,
				B3DA79C9246A557100375EA4 /* Release */,
			);
			defaultConfigurationIsVisible = 0;
			defaultConfigurationName = Release;
		};
		B3DA79CA246A557100375EA4 /* Build configuration list for PBXNativeTarget "RNDemoApp" */ = {
			isa = XCConfigurationList;
			buildConfigurations = (
				B3DA79CB246A557100375EA4 /* Debug */,
				B3DA79CC246A557100375EA4 /* Release */,
			);
			defaultConfigurationIsVisible = 0;
			defaultConfigurationName = Release;
		};
/* End XCConfigurationList section */
	};
	rootObject = B3DA79AE246A557000375EA4 /* Project object */;
}
